
Microsoft Visual Studio Solution File, Format Version 12.00
# Visual Studio 2013
VisualStudioVersion = 12.0.40629.0
MinimumVisualStudioVersion = 10.0.40219.1
Project("{FAE04EC0-301F-11D3-BF4B-00C04F79EFBC}") = "Xin.Basic", "Xin.Basic\Xin.Basic.csproj", "{36939779-A045-4137-83BE-F44574E4477C}"
EndProject
Project("{2150E333-8FDC-42A3-9474-1A3956D46DE8}") = "lib", "lib", "{42A2741A-AE4F-4618-833C-2D7AF03C02D7}"
	ProjectSection(SolutionItems) = preProject
		lib\log4net.dll = lib\log4net.dll
		lib\log4net.pdb = lib\log4net.pdb
		lib\log4net.xml = lib\log4net.xml
	EndProjectSection
EndProject
Global
	GlobalSection(SolutionConfigurationPlatforms) = preSolution
		Debug|Any CPU = Debug|Any CPU
		Release|Any CPU = Release|Any CPU
	EndGlobalSection
	GlobalSection(ProjectConfigurationPlatforms) = postSolution
		{36939779-A045-4137-83BE-F44574E4477C}.Debug|Any CPU.ActiveCfg = Debug|Any CPU
		{36939779-A045-4137-83BE-F44574E4477C}.Debug|Any CPU.Build.0 = Debug|Any CPU
		{36939779-A045-4137-83BE-F44574E4477C}.Release|Any CPU.ActiveCfg = Release|Any CPU
		{36939779-A045-4137-83BE-F44574E4477C}.Release|Any CPU.Build.0 = Release|Any CPU
	EndGlobalSection
	GlobalSection(SolutionProperties) = preSolution
		HideSolutionNode = FALSE
	EndGlobalSection
EndGlobal
